
Microsoft Visual Studio Solution File, Format Version 11.00
# Visual Studio Version 17

Project("{8BC9CEB8-8B4A-11D0-8D11-00A0C91BC942}") = "GifSyncAnimator - Standalone Plugin", "GifSyncAnimator_StandalonePlugin.vcxproj", "{9EE37774-B23C-D29D-7E84-E8322F9BF7F5}"
	ProjectSection(ProjectDependencies) = postProject
		{17F92F08-5E5E-D3C4-26BD-49E50A8E5515} = {17F92F08-5E5E-D3C4-26BD-49E50A8E5515}
	EndProjectSection
EndProject
Project("{8BC9CEB8-8B4A-11D0-8D11-00A0C91BC942}") = "GifSyncAnimator - VST3", "GifSyncAnimator_VST3.vcxproj", "{B3061F8F-E4CF-186F-5E0E-56DA7BD30045}"
	ProjectSection(ProjectDependencies) = postProject
		{17F92F08-5E5E-D3C4-26BD-49E50A8E5515} = {17F92F08-5E5E-D3C4-26BD-49E50A8E5515}
		{E0FA2D98-DD4A-BC38-DEFE-C80014F13891} = {E0FA2D98-DD4A-BC38-DEFE-C80014F13891}
	EndProjectSection
EndProject
Project("{8BC9CEB8-8B4A-11D0-8D11-00A0C91BC942}") = "GifSyncAnimator - Shared Code", "GifSyncAnimator_SharedCode.vcxproj", "{17F92F08-5E5E-D3C4-26BD-49E50A8E5515}"
EndProject
Project("{8BC9CEB8-8B4A-11D0-8D11-00A0C91BC942}") = "GifSyncAnimator - VST3 Manifest Helper", "GifSyncAnimator_VST3ManifestHelper.vcxproj", "{E0FA2D98-DD4A-BC38-DEFE-C80014F13891}"
EndProject
Global
	GlobalSection(SolutionConfigurationPlatforms) = preSolution
		Debug|x64 = Debug|x64
		Release|x64 = Release|x64
	EndGlobalSection
	GlobalSection(ProjectConfigurationPlatforms) = postSolution
		{B3061F8F-E4CF-186F-5E0E-56DA7BD30045}.Debug|x64.ActiveCfg = Debug|x64
		{B3061F8F-E4CF-186F-5E0E-56DA7BD30045}.Debug|x64.Build.0 = Debug|x64
		{B3061F8F-E4CF-186F-5E0E-56DA7BD30045}.Release|x64.ActiveCfg = Release|x64
		{B3061F8F-E4CF-186F-5E0E-56DA7BD30045}.Release|x64.Build.0 = Release|x64
		{9EE37774-B23C-D29D-7E84-E8322F9BF7F5}.Debug|x64.ActiveCfg = Debug|x64
		{9EE37774-B23C-D29D-7E84-E8322F9BF7F5}.Debug|x64.Build.0 = Debug|x64
		{9EE37774-B23C-D29D-7E84-E8322F9BF7F5}.Release|x64.ActiveCfg = Release|x64
		{9EE37774-B23C-D29D-7E84-E8322F9BF7F5}.Release|x64.Build.0 = Release|x64
		{17F92F08-5E5E-D3C4-26BD-49E50A8E5515}.Debug|x64.ActiveCfg = Debug|x64
		{17F92F08-5E5E-D3C4-26BD-49E50A8E5515}.Debug|x64.Build.0 = Debug|x64
		{17F92F08-5E5E-D3C4-26BD-49E50A8E5515}.Release|x64.ActiveCfg = Release|x64
		{17F92F08-5E5E-D3C4-26BD-49E50A8E5515}.Release|x64.Build.0 = Release|x64
		{E0FA2D98-DD4A-BC38-DEFE-C80014F13891}.Debug|x64.ActiveCfg = Debug|x64
		{E0FA2D98-DD4A-BC38-DEFE-C80014F13891}.Debug|x64.Build.0 = Debug|x64
		{E0FA2D98-DD4A-BC38-DEFE-C80014F13891}.Release|x64.ActiveCfg = Release|x64
		{E0FA2D98-DD4A-BC38-DEFE-C80014F13891}.Release|x64.Build.0 = Release|x64
	EndGlobalSection
	GlobalSection(SolutionProperties) = preSolution
		HideSolutionNode = FALSE
	EndGlobalSection
EndGlobal
